{"packages":{"sqljocky":{"version":"0.0.6","source":"git","description":{"url":"git://github.com/jamesots/sqljocky.git","ref":null,"resolved-ref":"fd33383c7c80806e5063fa81412b075981bb4608"}},"logging":{"version":"0.3.1+1","source":"hosted","description":"logging"},"options_file":{"version":"0.9.11","source":"hosted","description":"options_file"},"unittest":{"version":"0.3.1+1","source":"hosted","description":"unittest"},"meta":{"version":"0.3.1+1","source":"hosted","description":"meta"}}}