{"packages":{"sqljocky":{"version":"0.0.6","source":"git","description":{"url":"git://github.com/jamesots/sqljocky.git","ref":null,"resolved-ref":"fd33383c7c80806e5063fa81412b075981bb4608"}},"logging":{"version":"0.2.7","source":"hosted","description":"logging"},"options_file":{"version":"0.9.2","source":"git","description":{"url":"git://github.com/jamesots/optionsfile.git","ref":null,"resolved-ref":"b3c0c1b006fc7ff2b357a6af68e09324b4136dce"}},"unittest":{"version":"0.2.7","source":"hosted","description":"unittest"}}}